// !$*UTF8*$!
{
	archiveVersion = 1;
	classes = {
	};
	objectVersion = 52;
	objects = {

/* Begin PBXBuildFile section */
		6F5A800A25E3FDFD00FEB932 /* News_HubApp.swift in Sources */ = {isa = PBXBuildFile; fileRef = 6F5A800925E3FDFD00FEB932 /* News_HubApp.swift */; };
		6F5A800C25E3FDFD00FEB932 /* ContentView.swift in Sources */ = {isa = PBXBuildFile; fileRef = 6F5A800B25E3FDFD00FEB932 /* ContentView.swift */; };
		6F5A800E25E3FE0300FEB932 /* Assets.xcassets in Resources */ = {isa = PBXBuildFile; fileRef = 6F5A800D25E3FE0300FEB932 /* Assets.xcassets */; };
		6F5A801125E3FE0300FEB932 /* Preview Assets.xcassets in Resources */ = {isa = PBXBuildFile; fileRef = 6F5A801025E3FE0300FEB932 /* Preview Assets.xcassets */; };
		6F5A801F25E3FE6D00FEB932 /* WebService.swift in Sources */ = {isa = PBXBuildFile; fileRef = 6F5A801E25E3FE6D00FEB932 /* WebService.swift */; };
		6F5A802325E3FEB200FEB932 /* NewsItems.swift in Sources */ = {isa = PBXBuildFile; fileRef = 6F5A802225E3FEB200FEB932 /* NewsItems.swift */; };
		6F5A802625E3FED600FEB932 /* ArticleListViewModel.swift in Sources */ = {isa = PBXBuildFile; fileRef = 6F5A802525E3FED600FEB932 /* ArticleListViewModel.swift */; };
		6F5A802925E3FEF500FEB932 /* ArticleViewModel.swift in Sources */ = {isa = PBXBuildFile; fileRef = 6F5A802825E3FEF500FEB932 /* ArticleViewModel.swift */; };
		6F5A802C25E3FF1D00FEB932 /* SearchView.swift in Sources */ = {isa = PBXBuildFile; fileRef = 6F5A802B25E3FF1D00FEB932 /* SearchView.swift */; };
		6F5A802F25E3FF4300FEB932 /* NewsArticleView.swift in Sources */ = {isa = PBXBuildFile; fileRef = 6F5A802E25E3FF4300FEB932 /* NewsArticleView.swift */; };
		6F5A803425E400BD00FEB932 /* URLImage in Frameworks */ = {isa = PBXBuildFile; productRef = 6F5A803325E400BD00FEB932 /* URLImage */; };
/* End PBXBuildFile section */

/* Begin PBXFileReference section */
		6F5A800625E3FDFD00FEB932 /* News-Hub.app */ = {isa = PBXFileReference; explicitFileType = wrapper.application; includeInIndex = 0; path = "News-Hub.app"; sourceTree = BUILT_PRODUCTS_DIR; };
		6F5A800925E3FDFD00FEB932 /* News_HubApp.swift */ = {isa = PBXFileReference; lastKnownFileType = sourcecode.swift; path = News_HubApp.swift; sourceTree = "<group>"; };
		6F5A800B25E3FDFD00FEB932 /* ContentView.swift */ = {isa = PBXFileReference; lastKnownFileType = sourcecode.swift; path = ContentView.swift; sourceTree = "<group>"; };
		6F5A800D25E3FE0300FEB932 /* Assets.xcassets */ = {isa = PBXFileReference; lastKnownFileType = folder.assetcatalog; path = Assets.xcassets; sourceTree = "<group>"; };
		6F5A801025E3FE0300FEB932 /* Preview Assets.xcassets */ = {isa = PBXFileReference; lastKnownFileType = folder.assetcatalog; path = "Preview Assets.xcassets"; sourceTree = "<group>"; };
		6F5A801225E3FE0300FEB932 /* Info.plist */ = {isa = PBXFileReference; lastKnownFileType = text.plist.xml; path = Info.plist; sourceTree = "<group>"; };
		6F5A801E25E3FE6D00FEB932 /* WebService.swift */ = {isa = PBXFileReference; lastKnownFileType = sourcecode.swift; path = WebService.swift; sourceTree = "<group>"; };
		6F5A802225E3FEB200FEB932 /* NewsItems.swift */ = {isa = PBXFileReference; lastKnownFileType = sourcecode.swift; path = NewsItems.swift; sourceTree = "<group>"; };
		6F5A802525E3FED600FEB932 /* ArticleListViewModel.swift */ = {isa = PBXFileReference; lastKnownFileType = sourcecode.swift; path = ArticleListViewModel.swift; sourceTree = "<group>"; };
		6F5A802825E3FEF500FEB932 /* ArticleViewModel.swift */ = {isa = PBXFileReference; lastKnownFileType = sourcecode.swift; path = ArticleViewModel.swift; sourceTree = "<group>"; };
		6F5A802B25E3FF1D00FEB932 /* SearchView.swift */ = {isa = PBXFileReference; lastKnownFileType = sourcecode.swift; path = SearchView.swift; sourceTree = "<group>"; };
		6F5A802E25E3FF4300FEB932 /* NewsArticleView.swift */ = {isa = PBXFileReference; lastKnownFileType = sourcecode.swift; path = NewsArticleView.swift; sourceTree = "<group>"; };
/* End PBXFileReference section */

/* Begin PBXFrameworksBuildPhase section */
		6F5A800325E3FDFD00FEB932 /* Frameworks */ = {
			isa = PBXFrameworksBuildPhase;
			buildActionMask = 2147483647;
			files = (
				6F5A803425E400BD00FEB932 /* URLImage in Frameworks */,
			);
			runOnlyForDeploymentPostprocessing = 0;
		};
/* End PBXFrameworksBuildPhase section */

/* Begin PBXGroup section */
		6F5A7FFD25E3FDFD00FEB932 = {
			isa = PBXGroup;
			children = (
				6F5A800825E3FDFD00FEB932 /* News-Hub */,
				6F5A800725E3FDFD00FEB932 /* Products */,
			);
			sourceTree = "<group>";
		};
		6F5A800725E3FDFD00FEB932 /* Products */ = {
			isa = PBXGroup;
			children = (
				6F5A800625E3FDFD00FEB932 /* News-Hub.app */,
			);
			name = Products;
			sourceTree = "<group>";
		};
		6F5A800825E3FDFD00FEB932 /* News-Hub */ = {
			isa = PBXGroup;
			children = (
				6F5A801D25E3FE4000FEB932 /* Services */,
				6F5A801C25E3FE3300FEB932 /* Models */,
				6F5A801A25E3FE1C00FEB932 /* ViewModels */,
				6F5A801925E3FE0F00FEB932 /* Views */,
				6F5A800925E3FDFD00FEB932 /* News_HubApp.swift */,
				6F5A800B25E3FDFD00FEB932 /* ContentView.swift */,
				6F5A800D25E3FE0300FEB932 /* Assets.xcassets */,
				6F5A801225E3FE0300FEB932 /* Info.plist */,
				6F5A800F25E3FE0300FEB932 /* Preview Content */,
			);
			path = "News-Hub";
			sourceTree = "<group>";
		};
		6F5A800F25E3FE0300FEB932 /* Preview Content */ = {
			isa = PBXGroup;
			children = (
				6F5A801025E3FE0300FEB932 /* Preview Assets.xcassets */,
			);
			path = "Preview Content";
			sourceTree = "<group>";
		};
		6F5A801925E3FE0F00FEB932 /* Views */ = {
			isa = PBXGroup;
			children = (
				6F5A802B25E3FF1D00FEB932 /* SearchView.swift */,
				6F5A802E25E3FF4300FEB932 /* NewsArticleView.swift */,
			);
			path = Views;
			sourceTree = "<group>";
		};
		6F5A801A25E3FE1C00FEB932 /* ViewModels */ = {
			isa = PBXGroup;
			children = (
				6F5A802525E3FED600FEB932 /* ArticleListViewModel.swift */,
				6F5A802825E3FEF500FEB932 /* ArticleViewModel.swift */,
			);
			path = ViewModels;
			sourceTree = "<group>";
		};
		6F5A801C25E3FE3300FEB932 /* Models */ = {
			isa = PBXGroup;
			children = (
				6F5A802225E3FEB200FEB932 /* NewsItems.swift */,
			);
			path = Models;
			sourceTree = "<group>";
		};
		6F5A801D25E3FE4000FEB932 /* Services */ = {
			isa = PBXGroup;
			children = (
				6F5A801E25E3FE6D00FEB932 /* WebService.swift */,
			);
			path = Services;
			sourceTree = "<group>";
		};
/* End PBXGroup section */

/* Begin PBXNativeTarget section */
		6F5A800525E3FDFD00FEB932 /* News-Hub */ = {
			isa = PBXNativeTarget;
			buildConfigurationList = 6F5A801525E3FE0300FEB932 /* Build configuration list for PBXNativeTarget "News-Hub" */;
			buildPhases = (
				6F5A800225E3FDFD00FEB932 /* Sources */,
				6F5A800325E3FDFD00FEB932 /* Frameworks */,
				6F5A800425E3FDFD00FEB932 /* Resources */,
			);
			buildRules = (
			);
			dependencies = (
			);
			name = "News-Hub";
			packageProductDependencies = (
				6F5A803325E400BD00FEB932 /* URLImage */,
			);
			productName = "News-Hub";
			productReference = 6F5A800625E3FDFD00FEB932 /* News-Hub.app */;
			productType = "com.apple.product-type.application";
		};
/* End PBXNativeTarget section */

/* Begin PBXProject section */
		6F5A7FFE25E3FDFD00FEB932 /* Project object */ = {
			isa = PBXProject;
			attributes = {
				LastSwiftUpdateCheck = 1240;
				LastUpgradeCheck = 1240;
				TargetAttributes = {
					6F5A800525E3FDFD00FEB932 = {
						CreatedOnToolsVersion = 12.4;
					};
				};
			};
			buildConfigurationList = 6F5A800125E3FDFD00FEB932 /* Build configuration list for PBXProject "News-Hub" */;
			compatibilityVersion = "Xcode 9.3";
			developmentRegion = en;
			hasScannedForEncodings = 0;
			knownRegions = (
				en,
				Base,
			);
			mainGroup = 6F5A7FFD25E3FDFD00FEB932;
			packageReferences = (
				6F5A803225E400BD00FEB932 /* XCRemoteSwiftPackageReference "url-image" */,
			);
			productRefGroup = 6F5A800725E3FDFD00FEB932 /* Products */;
			projectDirPath = "";
			projectRoot = "";
			targets = (
				6F5A800525E3FDFD00FEB932 /* News-Hub */,
			);
		};
/* End PBXProject section */

/* Begin PBXResourcesBuildPhase section */
		6F5A800425E3FDFD00FEB932 /* Resources */ = {
			isa = PBXResourcesBuildPhase;
			buildActionMask = 2147483647;
			files = (
				6F5A801125E3FE0300FEB932 /* Preview Assets.xcassets in Resources */,
				6F5A800E25E3FE0300FEB932 /* Assets.xcassets in Resources */,
			);
			runOnlyForDeploymentPostprocessing = 0;
		};
/* End PBXResourcesBuildPhase section */

/* Begin PBXSourcesBuildPhase section */
		6F5A800225E3FDFD00FEB932 /* Sources */ = {
			isa = PBXSourcesBuildPhase;
			buildActionMask = 2147483647;
			files = (
				6F5A801F25E3FE6D00FEB932 /* WebService.swift in Sources */,
				6F5A802325E3FEB200FEB932 /* NewsItems.swift in Sources */,
				6F5A800C25E3FDFD00FEB932 /* ContentView.swift in Sources */,
				6F5A802C25E3FF1D00FEB932 /* SearchView.swift in Sources */,
				6F5A802F25E3FF4300FEB932 /* NewsArticleView.swift in Sources */,
				6F5A802925E3FEF500FEB932 /* ArticleViewModel.swift in Sources */,
				6F5A800A25E3FDFD00FEB932 /* News_HubApp.swift in Sources */,
				6F5A802625E3FED600FEB932 /* ArticleListViewModel.swift in Sources */,
			);
			runOnlyForDeploymentPostprocessing = 0;
		};
/* End PBXSourcesBuildPhase section */

/* Begin XCBuildConfiguration section */
		6F5A801325E3FE0300FEB932 /* Debug */ = {
			isa = XCBuildConfiguration;
			buildSettings = {
				ALWAYS_SEARCH_USER_PATHS = NO;
				CLANG_ANALYZER_NONNULL = YES;
				CLANG_ANALYZER_NUMBER_OBJECT_CONVERSION = YES_AGGRESSIVE;
				CLANG_CXX_LANGUAGE_STANDARD = "gnu++14";
				CLANG_CXX_LIBRARY = "libc++";
				CLANG_ENABLE_MODULES = YES;
				CLANG_ENABLE_OBJC_ARC = YES;
				CLANG_ENABLE_OBJC_WEAK = YES;
				CLANG_WARN_BLOCK_CAPTURE_AUTORELEASING = YES;
				CLANG_WARN_BOOL_CONVERSION = YES;
				CLANG_WARN_COMMA = YES;
				CLANG_WARN_CONSTANT_CONVERSION = YES;
				CLANG_WARN_DEPRECATED_OBJC_IMPLEMENTATIONS = YES;
				CLANG_WARN_DIRECT_OBJC_ISA_USAGE = YES_ERROR;
				CLANG_WARN_DOCUMENTATION_COMMENTS = YES;
				CLANG_WARN_EMPTY_BODY = YES;
				CLANG_WARN_ENUM_CONVERSION = YES;
				CLANG_WARN_INFINITE_RECURSION = YES;
				CLANG_WARN_INT_CONVERSION = YES;
				CLANG_WARN_NON_LITERAL_NULL_CONVERSION = YES;
				CLANG_WARN_OBJC_IMPLICIT_RETAIN_SELF = YES;
				CLANG_WARN_OBJC_LITERAL_CONVERSION = YES;
				CLANG_WARN_OBJC_ROOT_CLASS = YES_ERROR;
				CLANG_WARN_QUOTED_INCLUDE_IN_FRAMEWORK_HEADER = YES;
				CLANG_WARN_RANGE_LOOP_ANALYSIS = YES;
				CLANG_WARN_STRICT_PROTOTYPES = YES;
				CLANG_WARN_SUSPICIOUS_MOVE = YES;
				CLANG_WARN_UNGUARDED_AVAILABILITY = YES_AGGRESSIVE;
				CLANG_WARN_UNREACHABLE_CODE = YES;
				CLANG_WARN__DUPLICATE_METHOD_MATCH = YES;
				COPY_PHASE_STRIP = NO;
				DEBUG_INFORMATION_FORMAT = dwarf;
				ENABLE_STRICT_OBJC_MSGSEND = YES;
				ENABLE_TESTABILITY = YES;
				GCC_C_LANGUAGE_STANDARD = gnu11;
				GCC_DYNAMIC_NO_PIC = NO;
				GCC_NO_COMMON_BLOCKS = YES;
				GCC_OPTIMIZATION_LEVEL = 0;
				GCC_PREPROCESSOR_DEFINITIONS = (
					"DEBUG=1",
					"$(inherited)",
				);
				GCC_WARN_64_TO_32_BIT_CONVERSION = YES;
				GCC_WARN_ABOUT_RETURN_TYPE = YES_ERROR;
				GCC_WARN_UNDECLARED_SELECTOR = YES;
				GCC_WARN_UNINITIALIZED_AUTOS = YES_AGGRESSIVE;
				GCC_WARN_UNUSED_FUNCTION = YES;
				GCC_WARN_UNUSED_VARIABLE = YES;
				IPHONEOS_DEPLOYMENT_TARGET = 14.4;
				MTL_ENABLE_DEBUG_INFO = INCLUDE_SOURCE;
				MTL_FAST_MATH = YES;
				ONLY_ACTIVE_ARCH = YES;
				SDKROOT = iphoneos;
				SWIFT_ACTIVE_COMPILATION_CONDITIONS = DEBUG;
				SWIFT_OPTIMIZATION_LEVEL = "-Onone";
			};
			name = Debug;
		};
		6F5A801425E3FE0300FEB932 /* Release */ = {
			isa = XCBuildConfiguration;
			buildSettings = {
				ALWAYS_SEARCH_USER_PATHS = NO;
				CLANG_ANALYZER_NONNULL = YES;
				CLANG_ANALYZER_NUMBER_OBJECT_CONVERSION = YES_AGGRESSIVE;
				CLANG_CXX_LANGUAGE_STANDARD = "gnu++14";
				CLANG_CXX_LIBRARY = "libc++";
				CLANG_ENABLE_MODULES = YES;
				CLANG_ENABLE_OBJC_ARC = YES;
				CLANG_ENABLE_OBJC_WEAK = YES;
				CLANG_WARN_BLOCK_CAPTURE_AUTORELEASING = YES;
				CLANG_WARN_BOOL_CONVERSION = YES;
				CLANG_WARN_COMMA = YES;
				CLANG_WARN_CONSTANT_CONVERSION = YES;
				CLANG_WARN_DEPRECATED_OBJC_IMPLEMENTATIONS = YES;
				CLANG_WARN_DIRECT_OBJC_ISA_USAGE = YES_ERROR;
				CLANG_WARN_DOCUMENTATION_COMMENTS = YES;
				CLANG_WARN_EMPTY_BODY = YES;
				CLANG_WARN_ENUM_CONVERSION = YES;
				CLANG_WARN_INFINITE_RECURSION = YES;
				CLANG_WARN_INT_CONVERSION = YES;
				CLANG_WARN_NON_LITERAL_NULL_CONVERSION = YES;
				CLANG_WARN_OBJC_IMPLICIT_RETAIN_SELF = YES;
				CLANG_WARN_OBJC_LITERAL_CONVERSION = YES;
				CLANG_WARN_OBJC_ROOT_CLASS = YES_ERROR;
				CLANG_WARN_QUOTED_INCLUDE_IN_FRAMEWORK_HEADER = YES;
				CLANG_WARN_RANGE_LOOP_ANALYSIS = YES;
				CLANG_WARN_STRICT_PROTOTYPES = YES;
				CLANG_WARN_SUSPICIOUS_MOVE = YES;
				CLANG_WARN_UNGUARDED_AVAILABILITY = YES_AGGRESSIVE;
				CLANG_WARN_UNREACHABLE_CODE = YES;
				CLANG_WARN__DUPLICATE_METHOD_MATCH = YES;
				COPY_PHASE_STRIP = NO;
				DEBUG_INFORMATION_FORMAT = "dwarf-with-dsym";
				ENABLE_NS_ASSERTIONS = NO;
				ENABLE_STRICT_OBJC_MSGSEND = YES;
				GCC_C_LANGUAGE_STANDARD = gnu11;
				GCC_NO_COMMON_BLOCKS = YES;
				GCC_WARN_64_TO_32_BIT_CONVERSION = YES;
				GCC_WARN_ABOUT_RETURN_TYPE = YES_ERROR;
				GCC_WARN_UNDECLARED_SELECTOR = YES;
				GCC_WARN_UNINITIALIZED_AUTOS = YES_AGGRESSIVE;
				GCC_WARN_UNUSED_FUNCTION = YES;
				GCC_WARN_UNUSED_VARIABLE = YES;
				IPHONEOS_DEPLOYMENT_TARGET = 14.4;
				MTL_ENABLE_DEBUG_INFO = NO;
				MTL_FAST_MATH = YES;
				SDKROOT = iphoneos;
				SWIFT_COMPILATION_MODE = wholemodule;
				SWIFT_OPTIMIZATION_LEVEL = "-O";
				VALIDATE_PRODUCT = YES;
			};
			name = Release;
		};
		6F5A801625E3FE0300FEB932 /* Debug */ = {
			isa = XCBuildConfiguration;
			buildSettings = {
				ASSETCATALOG_COMPILER_APPICON_NAME = AppIcon;
				ASSETCATALOG_COMPILER_GLOBAL_ACCENT_COLOR_NAME = AccentColor;
				CODE_SIGN_STYLE = Automatic;
				DEVELOPMENT_ASSET_PATHS = "\"News-Hub/Preview Content\"";
				DEVELOPMENT_TEAM = D58KD5Q6B9;
				ENABLE_PREVIEWS = YES;
				INFOPLIST_FILE = "News-Hub/Info.plist";
				IPHONEOS_DEPLOYMENT_TARGET = 14.0;
				LD_RUNPATH_SEARCH_PATHS = (
					"$(inherited)",
					"@executable_path/Frameworks",
				);
				PRODUCT_BUNDLE_IDENTIFIER = "com.eshita.News-Hub";
				PRODUCT_NAME = "$(TARGET_NAME)";
				SWIFT_VERSION = 5.0;
				TARGETED_DEVICE_FAMILY = "1,2";
			};
			name = Debug;
		};
		6F5A801725E3FE0300FEB932 /* Release */ = {
			isa = XCBuildConfiguration;
			buildSettings = {
				ASSETCATALOG_COMPILER_APPICON_NAME = AppIcon;
				ASSETCATALOG_COMPILER_GLOBAL_ACCENT_COLOR_NAME = AccentColor;
				CODE_SIGN_STYLE = Automatic;
				DEVELOPMENT_ASSET_PATHS = "\"News-Hub/Preview Content\"";
				DEVELOPMENT_TEAM = D58KD5Q6B9;
				ENABLE_PREVIEWS = YES;
				INFOPLIST_FILE = "News-Hub/Info.plist";
				IPHONEOS_DEPLOYMENT_TARGET = 14.0;
				LD_RUNPATH_SEARCH_PATHS = (
					"$(inherited)",
					"@executable_path/Frameworks",
				);
				PRODUCT_BUNDLE_IDENTIFIER = "com.eshita.News-Hub";
				PRODUCT_NAME = "$(TARGET_NAME)";
				SWIFT_VERSION = 5.0;
				TARGETED_DEVICE_FAMILY = "1,2";
			};
			name = Release;
		};
/* End XCBuildConfiguration section */

/* Begin XCConfigurationList section */
		6F5A800125E3FDFD00FEB932 /* Build configuration list for PBXProject "News-Hub" */ = {
			isa = XCConfigurationList;
			buildConfigurations = (
				6F5A801325E3FE0300FEB932 /* Debug */,
				6F5A801425E3FE0300FEB932 /* Release */,
			);
			defaultConfigurationIsVisible = 0;
			defaultConfigurationName = Release;
		};
		6F5A801525E3FE0300FEB932 /* Build configuration list for PBXNativeTarget "News-Hub" */ = {
			isa = XCConfigurationList;
			buildConfigurations = (
				6F5A801625E3FE0300FEB932 /* Debug */,
				6F5A801725E3FE0300FEB932 /* Release */,
			);
			defaultConfigurationIsVisible = 0;
			defaultConfigurationName = Release;
		};
/* End XCConfigurationList section */

/* Begin XCRemoteSwiftPackageReference section */
		6F5A803225E400BD00FEB932 /* XCRemoteSwiftPackageReference "url-image" */ = {
			isa = XCRemoteSwiftPackageReference;
			repositoryURL = "https://github.com/dmytro-anokhin/url-image";
			requirement = {
				kind = upToNextMajorVersion;
				minimumVersion = 2.2.3;
			};
		};
/* End XCRemoteSwiftPackageReference section */

/* Begin XCSwiftPackageProductDependency section */
		6F5A803325E400BD00FEB932 /* URLImage */ = {
			isa = XCSwiftPackageProductDependency;
			package = 6F5A803225E400BD00FEB932 /* XCRemoteSwiftPackageReference "url-image" */;
			productName = URLImage;
		};
/* End XCSwiftPackageProductDependency section */
	};
	rootObject = 6F5A7FFE25E3FDFD00FEB932 /* Project object */;
}
